
Microsoft Visual Studio Solution File, Format Version 12.00
# Visual Studio Version 16
VisualStudioVersion = 16.0.31112.23
MinimumVisualStudioVersion = 10.0.40219.1
Project("{2150E333-8FDC-42A3-9474-1A3956D46DE8}") = "Extensions", "Extensions", "{E8FDD44C-9416-43C2-AD2C-815F8A5FF1CD}"
EndProject
Project("{9A19103F-16F7-4668-BE54-9A1E7A4F7556}") = "MintPlayer.Random.Extensions", "Extensions\MintPlayer.Random.Extensions\MintPlayer.Random.Extensions.csproj", "{4E8568D2-05B2-4B55-A615-C78E42A68429}"
EndProject
Project("{2150E333-8FDC-42A3-9474-1A3956D46DE8}") = "DependencyInjection", "DependencyInjection", "{44133416-AF01-4546-9612-8D981958EE51}"
EndProject
Project("{9A19103F-16F7-4668-BE54-9A1E7A4F7556}") = "MintPlayer.Random.Abstractions", "DependencyInjection\MintPlayer.Random.Abstractions\MintPlayer.Random.Abstractions.csproj", "{47829968-DE9C-49CE-B274-7CA5C97F1205}"
EndProject
Project("{FAE04EC0-301F-11D3-BF4B-00C04F79EFBC}") = "MintPlayer.Random", "DependencyInjection\MintPlayer.Random\MintPlayer.Random.csproj", "{BAB47251-6B3F-4989-B50F-59B97489198C}"
EndProject
Global
	GlobalSection(SolutionConfigurationPlatforms) = preSolution
		Debug|Any CPU = Debug|Any CPU
		Release|Any CPU = Release|Any CPU
	EndGlobalSection
	GlobalSection(ProjectConfigurationPlatforms) = postSolution
		{4E8568D2-05B2-4B55-A615-C78E42A68429}.Debug|Any CPU.ActiveCfg = Debug|Any CPU
		{4E8568D2-05B2-4B55-A615-C78E42A68429}.Debug|Any CPU.Build.0 = Debug|Any CPU
		{4E8568D2-05B2-4B55-A615-C78E42A68429}.Release|Any CPU.ActiveCfg = Release|Any CPU
		{4E8568D2-05B2-4B55-A615-C78E42A68429}.Release|Any CPU.Build.0 = Release|Any CPU
		{47829968-DE9C-49CE-B274-7CA5C97F1205}.Debug|Any CPU.ActiveCfg = Debug|Any CPU
		{47829968-DE9C-49CE-B274-7CA5C97F1205}.Debug|Any CPU.Build.0 = Debug|Any CPU
		{47829968-DE9C-49CE-B274-7CA5C97F1205}.Release|Any CPU.ActiveCfg = Release|Any CPU
		{47829968-DE9C-49CE-B274-7CA5C97F1205}.Release|Any CPU.Build.0 = Release|Any CPU
		{BAB47251-6B3F-4989-B50F-59B97489198C}.Debug|Any CPU.ActiveCfg = Debug|Any CPU
		{BAB47251-6B3F-4989-B50F-59B97489198C}.Debug|Any CPU.Build.0 = Debug|Any CPU
		{BAB47251-6B3F-4989-B50F-59B97489198C}.Release|Any CPU.ActiveCfg = Release|Any CPU
		{BAB47251-6B3F-4989-B50F-59B97489198C}.Release|Any CPU.Build.0 = Release|Any CPU
	EndGlobalSection
	GlobalSection(SolutionProperties) = preSolution
		HideSolutionNode = FALSE
	EndGlobalSection
	GlobalSection(NestedProjects) = preSolution
		{4E8568D2-05B2-4B55-A615-C78E42A68429} = {E8FDD44C-9416-43C2-AD2C-815F8A5FF1CD}
		{47829968-DE9C-49CE-B274-7CA5C97F1205} = {44133416-AF01-4546-9612-8D981958EE51}
		{BAB47251-6B3F-4989-B50F-59B97489198C} = {44133416-AF01-4546-9612-8D981958EE51}
	EndGlobalSection
	GlobalSection(ExtensibilityGlobals) = postSolution
		SolutionGuid = {BAA0A374-57FF-4FB2-A996-591731FE0B28}
	EndGlobalSection
EndGlobal
